// !$*UTF8*$!
{
	archiveVersion = 1;
	classes = {
	};
	objectVersion = 48;
	objects = {

/* Begin PBXBuildFile section */
		106E295C201D9068003E4EFC /* PageViewController.swift in Sources */ = {isa = PBXBuildFile; fileRef = 106E295B201D9068003E4EFC /* PageViewController.swift */; };
		106E295E201D90AF003E4EFC /* ViewController1.swift in Sources */ = {isa = PBXBuildFile; fileRef = 106E295D201D90AF003E4EFC /* ViewController1.swift */; };
		106E2960201D90DC003E4EFC /* ViewController2.swift in Sources */ = {isa = PBXBuildFile; fileRef = 106E295F201D90DC003E4EFC /* ViewController2.swift */; };
		106E2962201D90E4003E4EFC /* ViewController3.swift in Sources */ = {isa = PBXBuildFile; fileRef = 106E2961201D90E4003E4EFC /* ViewController3.swift */; };
		106E2964201D90EE003E4EFC /* ViewController4.swift in Sources */ = {isa = PBXBuildFile; fileRef = 106E2963201D90EE003E4EFC /* ViewController4.swift */; };
		106E2966201D9153003E4EFC /* ViewController5.swift in Sources */ = {isa = PBXBuildFile; fileRef = 106E2965201D9153003E4EFC /* ViewController5.swift */; };
		BC0110B5201CE1200034B8DD /* AppDelegate.swift in Sources */ = {isa = PBXBuildFile; fileRef = BC0110B4201CE1200034B8DD /* AppDelegate.swift */; };
		BC0110B7201CE1200034B8DD /* ViewController.swift in Sources */ = {isa = PBXBuildFile; fileRef = BC0110B6201CE1200034B8DD /* ViewController.swift */; };
		BC0110BA201CE1200034B8DD /* Main.storyboard in Resources */ = {isa = PBXBuildFile; fileRef = BC0110B8201CE1200034B8DD /* Main.storyboard */; };
		BC0110BC201CE1200034B8DD /* Assets.xcassets in Resources */ = {isa = PBXBuildFile; fileRef = BC0110BB201CE1200034B8DD /* Assets.xcassets */; };
		BC0110BF201CE1200034B8DD /* LaunchScreen.storyboard in Resources */ = {isa = PBXBuildFile; fileRef = BC0110BD201CE1200034B8DD /* LaunchScreen.storyboard */; };
		BC0110D5201CE1200034B8DD /* ExampleUITests.swift in Sources */ = {isa = PBXBuildFile; fileRef = BC0110D4201CE1200034B8DD /* ExampleUITests.swift */; };
/* End PBXBuildFile section */

/* Begin PBXContainerItemProxy section */
		BC0110C6201CE1200034B8DD /* PBXContainerItemProxy */ = {
			isa = PBXContainerItemProxy;
			containerPortal = BC0110A9201CE1200034B8DD /* Project object */;
			proxyType = 1;
			remoteGlobalIDString = BC0110B0201CE1200034B8DD;
			remoteInfo = Example;
		};
		BC0110D1201CE1200034B8DD /* PBXContainerItemProxy */ = {
			isa = PBXContainerItemProxy;
			containerPortal = BC0110A9201CE1200034B8DD /* Project object */;
			proxyType = 1;
			remoteGlobalIDString = BC0110B0201CE1200034B8DD;
			remoteInfo = Example;
		};
/* End PBXContainerItemProxy section */

/* Begin PBXFileReference section */
		106E295B201D9068003E4EFC /* PageViewController.swift */ = {isa = PBXFileReference; lastKnownFileType = sourcecode.swift; path = PageViewController.swift; sourceTree = "<group>"; };
		106E295D201D90AF003E4EFC /* ViewController1.swift */ = {isa = PBXFileReference; lastKnownFileType = sourcecode.swift; path = ViewController1.swift; sourceTree = "<group>"; };
		106E295F201D90DC003E4EFC /* ViewController2.swift */ = {isa = PBXFileReference; lastKnownFileType = sourcecode.swift; path = ViewController2.swift; sourceTree = "<group>"; };
		106E2961201D90E4003E4EFC /* ViewController3.swift */ = {isa = PBXFileReference; lastKnownFileType = sourcecode.swift; path = ViewController3.swift; sourceTree = "<group>"; };
		106E2963201D90EE003E4EFC /* ViewController4.swift */ = {isa = PBXFileReference; lastKnownFileType = sourcecode.swift; path = ViewController4.swift; sourceTree = "<group>"; };
		106E2965201D9153003E4EFC /* ViewController5.swift */ = {isa = PBXFileReference; lastKnownFileType = sourcecode.swift; path = ViewController5.swift; sourceTree = "<group>"; };
		BC0110B1201CE1200034B8DD /* Example.app */ = {isa = PBXFileReference; explicitFileType = wrapper.application; includeInIndex = 0; path = Example.app; sourceTree = BUILT_PRODUCTS_DIR; };
		BC0110B4201CE1200034B8DD /* AppDelegate.swift */ = {isa = PBXFileReference; lastKnownFileType = sourcecode.swift; path = AppDelegate.swift; sourceTree = "<group>"; };
		BC0110B6201CE1200034B8DD /* ViewController.swift */ = {isa = PBXFileReference; lastKnownFileType = sourcecode.swift; path = ViewController.swift; sourceTree = "<group>"; };
		BC0110B9201CE1200034B8DD /* Base */ = {isa = PBXFileReference; lastKnownFileType = file.storyboard; name = Base; path = Base.lproj/Main.storyboard; sourceTree = "<group>"; };
		BC0110BB201CE1200034B8DD /* Assets.xcassets */ = {isa = PBXFileReference; lastKnownFileType = folder.assetcatalog; path = Assets.xcassets; sourceTree = "<group>"; };
		BC0110BE201CE1200034B8DD /* Base */ = {isa = PBXFileReference; lastKnownFileType = file.storyboard; name = Base; path = Base.lproj/LaunchScreen.storyboard; sourceTree = "<group>"; };
		BC0110C0201CE1200034B8DD /* Info.plist */ = {isa = PBXFileReference; lastKnownFileType = text.plist.xml; path = Info.plist; sourceTree = "<group>"; };
		BC0110C5201CE1200034B8DD /* ExampleTests.xctest */ = {isa = PBXFileReference; explicitFileType = wrapper.cfbundle; includeInIndex = 0; path = ExampleTests.xctest; sourceTree = BUILT_PRODUCTS_DIR; };
		BC0110D0201CE1200034B8DD /* ExampleUITests.xctest */ = {isa = PBXFileReference; explicitFileType = wrapper.cfbundle; includeInIndex = 0; path = ExampleUITests.xctest; sourceTree = BUILT_PRODUCTS_DIR; };
		BC0110D4201CE1200034B8DD /* ExampleUITests.swift */ = {isa = PBXFileReference; lastKnownFileType = sourcecode.swift; path = ExampleUITests.swift; sourceTree = "<group>"; };
		BC0110D6201CE1200034B8DD /* Info.plist */ = {isa = PBXFileReference; lastKnownFileType = text.plist.xml; path = Info.plist; sourceTree = "<group>"; };
/* End PBXFileReference section */

/* Begin PBXFrameworksBuildPhase section */
		BC0110AE201CE1200034B8DD /* Frameworks */ = {
			isa = PBXFrameworksBuildPhase;
			buildActionMask = 2147483647;
			files = (
			);
			runOnlyForDeploymentPostprocessing = 0;
		};
		BC0110C2201CE1200034B8DD /* Frameworks */ = {
			isa = PBXFrameworksBuildPhase;
			buildActionMask = 2147483647;
			files = (
			);
			runOnlyForDeploymentPostprocessing = 0;
		};
		BC0110CD201CE1200034B8DD /* Frameworks */ = {
			isa = PBXFrameworksBuildPhase;
			buildActionMask = 2147483647;
			files = (
			);
			runOnlyForDeploymentPostprocessing = 0;
		};
/* End PBXFrameworksBuildPhase section */

/* Begin PBXGroup section */
		BC0110A8201CE1200034B8DD = {
			isa = PBXGroup;
			children = (
				BC0110B3201CE1200034B8DD /* Example */,
				BC0110C8201CE1200034B8DD /* ExampleTests */,
				BC0110D3201CE1200034B8DD /* ExampleUITests */,
				BC0110B2201CE1200034B8DD /* Products */,
			);
			sourceTree = "<group>";
		};
		BC0110B2201CE1200034B8DD /* Products */ = {
			isa = PBXGroup;
			children = (
				BC0110B1201CE1200034B8DD /* Example.app */,
				BC0110C5201CE1200034B8DD /* ExampleTests.xctest */,
				BC0110D0201CE1200034B8DD /* ExampleUITests.xctest */,
			);
			name = Products;
			sourceTree = "<group>";
		};
		BC0110B3201CE1200034B8DD /* Example */ = {
			isa = PBXGroup;
			children = (
				BC0110B4201CE1200034B8DD /* AppDelegate.swift */,
				BC0110B6201CE1200034B8DD /* ViewController.swift */,
				BC0110B8201CE1200034B8DD /* Main.storyboard */,
				106E2965201D9153003E4EFC /* ViewController5.swift */,
				106E2963201D90EE003E4EFC /* ViewController4.swift */,
				106E2961201D90E4003E4EFC /* ViewController3.swift */,
				106E295F201D90DC003E4EFC /* ViewController2.swift */,
				106E295D201D90AF003E4EFC /* ViewController1.swift */,
				106E295B201D9068003E4EFC /* PageViewController.swift */,
				BC0110BB201CE1200034B8DD /* Assets.xcassets */,
				BC0110BD201CE1200034B8DD /* LaunchScreen.storyboard */,
				BC0110C0201CE1200034B8DD /* Info.plist */,
			);
			path = Example;
			sourceTree = "<group>";
		};
		BC0110C8201CE1200034B8DD /* ExampleTests */ = {
			isa = PBXGroup;
			children = (
			);
			path = ExampleTests;
			sourceTree = "<group>";
		};
		BC0110D3201CE1200034B8DD /* ExampleUITests */ = {
			isa = PBXGroup;
			children = (
				BC0110D4201CE1200034B8DD /* ExampleUITests.swift */,
				BC0110D6201CE1200034B8DD /* Info.plist */,
			);
			path = ExampleUITests;
			sourceTree = "<group>";
		};
/* End PBXGroup section */

/* Begin PBXNativeTarget section */
		BC0110B0201CE1200034B8DD /* Example */ = {
			isa = PBXNativeTarget;
			buildConfigurationList = BC0110D9201CE1200034B8DD /* Build configuration list for PBXNativeTarget "Example" */;
			buildPhases = (
				BC0110AD201CE1200034B8DD /* Sources */,
				BC0110AE201CE1200034B8DD /* Frameworks */,
				BC0110AF201CE1200034B8DD /* Resources */,
			);
			buildRules = (
			);
			dependencies = (
			);
			name = Example;
			productName = Example;
			productReference = BC0110B1201CE1200034B8DD /* Example.app */;
			productType = "com.apple.product-type.application";
		};
		BC0110C4201CE1200034B8DD /* ExampleTests */ = {
			isa = PBXNativeTarget;
			buildConfigurationList = BC0110DC201CE1200034B8DD /* Build configuration list for PBXNativeTarget "ExampleTests" */;
			buildPhases = (
				BC0110C1201CE1200034B8DD /* Sources */,
				BC0110C2201CE1200034B8DD /* Frameworks */,
				BC0110C3201CE1200034B8DD /* Resources */,
			);
			buildRules = (
			);
			dependencies = (
				BC0110C7201CE1200034B8DD /* PBXTargetDependency */,
			);
			name = ExampleTests;
			productName = ExampleTests;
			productReference = BC0110C5201CE1200034B8DD /* ExampleTests.xctest */;
			productType = "com.apple.product-type.bundle.unit-test";
		};
		BC0110CF201CE1200034B8DD /* ExampleUITests */ = {
			isa = PBXNativeTarget;
			buildConfigurationList = BC0110DF201CE1200034B8DD /* Build configuration list for PBXNativeTarget "ExampleUITests" */;
			buildPhases = (
				BC0110CC201CE1200034B8DD /* Sources */,
				BC0110CD201CE1200034B8DD /* Frameworks */,
				BC0110CE201CE1200034B8DD /* Resources */,
			);
			buildRules = (
			);
			dependencies = (
				BC0110D2201CE1200034B8DD /* PBXTargetDependency */,
			);
			name = ExampleUITests;
			productName = ExampleUITests;
			productReference = BC0110D0201CE1200034B8DD /* ExampleUITests.xctest */;
			productType = "com.apple.product-type.bundle.ui-testing";
		};
/* End PBXNativeTarget section */

/* Begin PBXProject section */
		BC0110A9201CE1200034B8DD /* Project object */ = {
			isa = PBXProject;
			attributes = {
				LastSwiftUpdateCheck = 0920;
				LastUpgradeCheck = 0920;
				ORGANIZATIONNAME = "Ava Chong";
				TargetAttributes = {
					BC0110B0201CE1200034B8DD = {
						CreatedOnToolsVersion = 9.2;
						ProvisioningStyle = Automatic;
					};
					BC0110C4201CE1200034B8DD = {
						CreatedOnToolsVersion = 9.2;
						ProvisioningStyle = Automatic;
						TestTargetID = BC0110B0201CE1200034B8DD;
					};
					BC0110CF201CE1200034B8DD = {
						CreatedOnToolsVersion = 9.2;
						ProvisioningStyle = Automatic;
						TestTargetID = BC0110B0201CE1200034B8DD;
					};
				};
			};
			buildConfigurationList = BC0110AC201CE1200034B8DD /* Build configuration list for PBXProject "She Innovates App 3.0" */;
			compatibilityVersion = "Xcode 8.0";
			developmentRegion = en;
			hasScannedForEncodings = 0;
			knownRegions = (
				en,
				Base,
			);
			mainGroup = BC0110A8201CE1200034B8DD;
			productRefGroup = BC0110B2201CE1200034B8DD /* Products */;
			projectDirPath = "";
			projectRoot = "";
			targets = (
				BC0110B0201CE1200034B8DD /* Example */,
				BC0110C4201CE1200034B8DD /* ExampleTests */,
				BC0110CF201CE1200034B8DD /* ExampleUITests */,
			);
		};
/* End PBXProject section */

/* Begin PBXResourcesBuildPhase section */
		BC0110AF201CE1200034B8DD /* Resources */ = {
			isa = PBXResourcesBuildPhase;
			buildActionMask = 2147483647;
			files = (
				BC0110BF201CE1200034B8DD /* LaunchScreen.storyboard in Resources */,
				BC0110BC201CE1200034B8DD /* Assets.xcassets in Resources */,
				BC0110BA201CE1200034B8DD /* Main.storyboard in Resources */,
			);
			runOnlyForDeploymentPostprocessing = 0;
		};
		BC0110C3201CE1200034B8DD /* Resources */ = {
			isa = PBXResourcesBuildPhase;
			buildActionMask = 2147483647;
			files = (
			);
			runOnlyForDeploymentPostprocessing = 0;
		};
		BC0110CE201CE1200034B8DD /* Resources */ = {
			isa = PBXResourcesBuildPhase;
			buildActionMask = 2147483647;
			files = (
			);
			runOnlyForDeploymentPostprocessing = 0;
		};
/* End PBXResourcesBuildPhase section */

/* Begin PBXSourcesBuildPhase section */
		BC0110AD201CE1200034B8DD /* Sources */ = {
			isa = PBXSourcesBuildPhase;
			buildActionMask = 2147483647;
			files = (
				106E2960201D90DC003E4EFC /* ViewController2.swift in Sources */,
				106E2964201D90EE003E4EFC /* ViewController4.swift in Sources */,
				106E295E201D90AF003E4EFC /* ViewController1.swift in Sources */,
				106E2962201D90E4003E4EFC /* ViewController3.swift in Sources */,
				106E2966201D9153003E4EFC /* ViewController5.swift in Sources */,
				106E295C201D9068003E4EFC /* PageViewController.swift in Sources */,
				BC0110B7201CE1200034B8DD /* ViewController.swift in Sources */,
				BC0110B5201CE1200034B8DD /* AppDelegate.swift in Sources */,
			);
			runOnlyForDeploymentPostprocessing = 0;
		};
		BC0110C1201CE1200034B8DD /* Sources */ = {
			isa = PBXSourcesBuildPhase;
			buildActionMask = 2147483647;
			files = (
			);
			runOnlyForDeploymentPostprocessing = 0;
		};
		BC0110CC201CE1200034B8DD /* Sources */ = {
			isa = PBXSourcesBuildPhase;
			buildActionMask = 2147483647;
			files = (
				BC0110D5201CE1200034B8DD /* ExampleUITests.swift in Sources */,
			);
			runOnlyForDeploymentPostprocessing = 0;
		};
/* End PBXSourcesBuildPhase section */

/* Begin PBXTargetDependency section */
		BC0110C7201CE1200034B8DD /* PBXTargetDependency */ = {
			isa = PBXTargetDependency;
			target = BC0110B0201CE1200034B8DD /* Example */;
			targetProxy = BC0110C6201CE1200034B8DD /* PBXContainerItemProxy */;
		};
		BC0110D2201CE1200034B8DD /* PBXTargetDependency */ = {
			isa = PBXTargetDependency;
			target = BC0110B0201CE1200034B8DD /* Example */;
			targetProxy = BC0110D1201CE1200034B8DD /* PBXContainerItemProxy */;
		};
/* End PBXTargetDependency section */

/* Begin PBXVariantGroup section */
		BC0110B8201CE1200034B8DD /* Main.storyboard */ = {
			isa = PBXVariantGroup;
			children = (
				BC0110B9201CE1200034B8DD /* Base */,
			);
			name = Main.storyboard;
			sourceTree = "<group>";
		};
		BC0110BD201CE1200034B8DD /* LaunchScreen.storyboard */ = {
			isa = PBXVariantGroup;
			children = (
				BC0110BE201CE1200034B8DD /* Base */,
			);
			name = LaunchScreen.storyboard;
			sourceTree = "<group>";
		};
/* End PBXVariantGroup section */

/* Begin XCBuildConfiguration section */
		BC0110D7201CE1200034B8DD /* Debug */ = {
			isa = XCBuildConfiguration;
			buildSettings = {
				ALWAYS_SEARCH_USER_PATHS = NO;
				CLANG_ANALYZER_NONNULL = YES;
				CLANG_ANALYZER_NUMBER_OBJECT_CONVERSION = YES_AGGRESSIVE;
				CLANG_CXX_LANGUAGE_STANDARD = "gnu++14";
				CLANG_CXX_LIBRARY = "libc++";
				CLANG_ENABLE_MODULES = YES;
				CLANG_ENABLE_OBJC_ARC = YES;
				CLANG_WARN_BLOCK_CAPTURE_AUTORELEASING = YES;
				CLANG_WARN_BOOL_CONVERSION = YES;
				CLANG_WARN_COMMA = YES;
				CLANG_WARN_CONSTANT_CONVERSION = YES;
				CLANG_WARN_DIRECT_OBJC_ISA_USAGE = YES_ERROR;
				CLANG_WARN_DOCUMENTATION_COMMENTS = YES;
				CLANG_WARN_EMPTY_BODY = YES;
				CLANG_WARN_ENUM_CONVERSION = YES;
				CLANG_WARN_INFINITE_RECURSION = YES;
				CLANG_WARN_INT_CONVERSION = YES;
				CLANG_WARN_NON_LITERAL_NULL_CONVERSION = YES;
				CLANG_WARN_OBJC_LITERAL_CONVERSION = YES;
				CLANG_WARN_OBJC_ROOT_CLASS = YES_ERROR;
				CLANG_WARN_RANGE_LOOP_ANALYSIS = YES;
				CLANG_WARN_STRICT_PROTOTYPES = YES;
				CLANG_WARN_SUSPICIOUS_MOVE = YES;
				CLANG_WARN_UNGUARDED_AVAILABILITY = YES_AGGRESSIVE;
				CLANG_WARN_UNREACHABLE_CODE = YES;
				CLANG_WARN__DUPLICATE_METHOD_MATCH = YES;
				CODE_SIGN_IDENTITY = "iPhone Developer";
				COPY_PHASE_STRIP = NO;
				DEBUG_INFORMATION_FORMAT = dwarf;
				ENABLE_STRICT_OBJC_MSGSEND = YES;
				ENABLE_TESTABILITY = YES;
				GCC_C_LANGUAGE_STANDARD = gnu11;
				GCC_DYNAMIC_NO_PIC = NO;
				GCC_NO_COMMON_BLOCKS = YES;
				GCC_OPTIMIZATION_LEVEL = 0;
				GCC_PREPROCESSOR_DEFINITIONS = (
					"DEBUG=1",
					"$(inherited)",
				);
				GCC_WARN_64_TO_32_BIT_CONVERSION = YES;
				GCC_WARN_ABOUT_RETURN_TYPE = YES_ERROR;
				GCC_WARN_UNDECLARED_SELECTOR = YES;
				GCC_WARN_UNINITIALIZED_AUTOS = YES_AGGRESSIVE;
				GCC_WARN_UNUSED_FUNCTION = YES;
				GCC_WARN_UNUSED_VARIABLE = YES;
				IPHONEOS_DEPLOYMENT_TARGET = 11.2;
				MTL_ENABLE_DEBUG_INFO = YES;
				ONLY_ACTIVE_ARCH = YES;
				SDKROOT = iphoneos;
				SWIFT_ACTIVE_COMPILATION_CONDITIONS = DEBUG;
				SWIFT_OPTIMIZATION_LEVEL = "-Onone";
			};
			name = Debug;
		};
		BC0110D8201CE1200034B8DD /* Release */ = {
			isa = XCBuildConfiguration;
			buildSettings = {
				ALWAYS_SEARCH_USER_PATHS = NO;
				CLANG_ANALYZER_NONNULL = YES;
				CLANG_ANALYZER_NUMBER_OBJECT_CONVERSION = YES_AGGRESSIVE;
				CLANG_CXX_LANGUAGE_STANDARD = "gnu++14";
				CLANG_CXX_LIBRARY = "libc++";
				CLANG_ENABLE_MODULES = YES;
				CLANG_ENABLE_OBJC_ARC = YES;
				CLANG_WARN_BLOCK_CAPTURE_AUTORELEASING = YES;
				CLANG_WARN_BOOL_CONVERSION = YES;
				CLANG_WARN_COMMA = YES;
				CLANG_WARN_CONSTANT_CONVERSION = YES;
				CLANG_WARN_DIRECT_OBJC_ISA_USAGE = YES_ERROR;
				CLANG_WARN_DOCUMENTATION_COMMENTS = YES;
				CLANG_WARN_EMPTY_BODY = YES;
				CLANG_WARN_ENUM_CONVERSION = YES;
				CLANG_WARN_INFINITE_RECURSION = YES;
				CLANG_WARN_INT_CONVERSION = YES;
				CLANG_WARN_NON_LITERAL_NULL_CONVERSION = YES;
				CLANG_WARN_OBJC_LITERAL_CONVERSION = YES;
				CLANG_WARN_OBJC_ROOT_CLASS = YES_ERROR;
				CLANG_WARN_RANGE_LOOP_ANALYSIS = YES;
				CLANG_WARN_STRICT_PROTOTYPES = YES;
				CLANG_WARN_SUSPICIOUS_MOVE = YES;
				CLANG_WARN_UNGUARDED_AVAILABILITY = YES_AGGRESSIVE;
				CLANG_WARN_UNREACHABLE_CODE = YES;
				CLANG_WARN__DUPLICATE_METHOD_MATCH = YES;
				CODE_SIGN_IDENTITY = "iPhone Developer";
				COPY_PHASE_STRIP = NO;
				DEBUG_INFORMATION_FORMAT = "dwarf-with-dsym";
				ENABLE_NS_ASSERTIONS = NO;
				ENABLE_STRICT_OBJC_MSGSEND = YES;
				GCC_C_LANGUAGE_STANDARD = gnu11;
				GCC_NO_COMMON_BLOCKS = YES;
				GCC_WARN_64_TO_32_BIT_CONVERSION = YES;
				GCC_WARN_ABOUT_RETURN_TYPE = YES_ERROR;
				GCC_WARN_UNDECLARED_SELECTOR = YES;
				GCC_WARN_UNINITIALIZED_AUTOS = YES_AGGRESSIVE;
				GCC_WARN_UNUSED_FUNCTION = YES;
				GCC_WARN_UNUSED_VARIABLE = YES;
				IPHONEOS_DEPLOYMENT_TARGET = 11.2;
				MTL_ENABLE_DEBUG_INFO = NO;
				SDKROOT = iphoneos;
				SWIFT_OPTIMIZATION_LEVEL = "-Owholemodule";
				VALIDATE_PRODUCT = YES;
			};
			name = Release;
		};
		BC0110DA201CE1200034B8DD /* Debug */ = {
			isa = XCBuildConfiguration;
			buildSettings = {
				ASSETCATALOG_COMPILER_APPICON_NAME = AppIcon;
				CODE_SIGN_STYLE = Automatic;
				DEVELOPMENT_TEAM = "";
				INFOPLIST_FILE = Example/Info.plist;
				LD_RUNPATH_SEARCH_PATHS = "$(inherited) @executable_path/Frameworks";
				PRODUCT_BUNDLE_IDENTIFIER = "Ava-Chong.She-Innovates-3.0";
				PRODUCT_NAME = "$(TARGET_NAME)";
				SWIFT_VERSION = 4.0;
				TARGETED_DEVICE_FAMILY = "1,2";
			};
			name = Debug;
		};
		BC0110DB201CE1200034B8DD /* Release */ = {
			isa = XCBuildConfiguration;
			buildSettings = {
				ASSETCATALOG_COMPILER_APPICON_NAME = AppIcon;
				CODE_SIGN_STYLE = Automatic;
				DEVELOPMENT_TEAM = "";
				INFOPLIST_FILE = Example/Info.plist;
				LD_RUNPATH_SEARCH_PATHS = "$(inherited) @executable_path/Frameworks";
				PRODUCT_BUNDLE_IDENTIFIER = "Ava-Chong.She-Innovates-3.0";
				PRODUCT_NAME = "$(TARGET_NAME)";
				SWIFT_VERSION = 4.0;
				TARGETED_DEVICE_FAMILY = "1,2";
			};
			name = Release;
		};
		BC0110DD201CE1200034B8DD /* Debug */ = {
			isa = XCBuildConfiguration;
			buildSettings = {
				ALWAYS_EMBED_SWIFT_STANDARD_LIBRARIES = YES;
				BUNDLE_LOADER = "$(TEST_HOST)";
				CODE_SIGN_STYLE = Automatic;
				INFOPLIST_FILE = ExampleTests/Info.plist;
				LD_RUNPATH_SEARCH_PATHS = "$(inherited) @executable_path/Frameworks @loader_path/Frameworks";
				PRODUCT_BUNDLE_IDENTIFIER = "Ava-Chong.ExampleTests";
				PRODUCT_NAME = "$(TARGET_NAME)";
				SWIFT_VERSION = 4.0;
				TARGETED_DEVICE_FAMILY = "1,2";
				TEST_HOST = "$(BUILT_PRODUCTS_DIR)/Example.app/Example";
			};
			name = Debug;
		};
		BC0110DE201CE1200034B8DD /* Release */ = {
			isa = XCBuildConfiguration;
			buildSettings = {
				ALWAYS_EMBED_SWIFT_STANDARD_LIBRARIES = YES;
				BUNDLE_LOADER = "$(TEST_HOST)";
				CODE_SIGN_STYLE = Automatic;
				INFOPLIST_FILE = ExampleTests/Info.plist;
				LD_RUNPATH_SEARCH_PATHS = "$(inherited) @executable_path/Frameworks @loader_path/Frameworks";
				PRODUCT_BUNDLE_IDENTIFIER = "Ava-Chong.ExampleTests";
				PRODUCT_NAME = "$(TARGET_NAME)";
				SWIFT_VERSION = 4.0;
				TARGETED_DEVICE_FAMILY = "1,2";
				TEST_HOST = "$(BUILT_PRODUCTS_DIR)/Example.app/Example";
			};
			name = Release;
		};
		BC0110E0201CE1200034B8DD /* Debug */ = {
			isa = XCBuildConfiguration;
			buildSettings = {
				ALWAYS_EMBED_SWIFT_STANDARD_LIBRARIES = YES;
				CODE_SIGN_STYLE = Automatic;
				INFOPLIST_FILE = ExampleUITests/Info.plist;
				LD_RUNPATH_SEARCH_PATHS = "$(inherited) @executable_path/Frameworks @loader_path/Frameworks";
				PRODUCT_BUNDLE_IDENTIFIER = "Ava-Chong.ExampleUITests";
				PRODUCT_NAME = "$(TARGET_NAME)";
				SWIFT_VERSION = 4.0;
				TARGETED_DEVICE_FAMILY = "1,2";
				TEST_TARGET_NAME = Example;
			};
			name = Debug;
		};
		BC0110E1201CE1200034B8DD /* Release */ = {
			isa = XCBuildConfiguration;
			buildSettings = {
				ALWAYS_EMBED_SWIFT_STANDARD_LIBRARIES = YES;
				CODE_SIGN_STYLE = Automatic;
				INFOPLIST_FILE = ExampleUITests/Info.plist;
				LD_RUNPATH_SEARCH_PATHS = "$(inherited) @executable_path/Frameworks @loader_path/Frameworks";
				PRODUCT_BUNDLE_IDENTIFIER = "Ava-Chong.ExampleUITests";
				PRODUCT_NAME = "$(TARGET_NAME)";
				SWIFT_VERSION = 4.0;
				TARGETED_DEVICE_FAMILY = "1,2";
				TEST_TARGET_NAME = Example;
			};
			name = Release;
		};
/* End XCBuildConfiguration section */

/* Begin XCConfigurationList section */
		BC0110AC201CE1200034B8DD /* Build configuration list for PBXProject "She Innovates App 3.0" */ = {
			isa = XCConfigurationList;
			buildConfigurations = (
				BC0110D7201CE1200034B8DD /* Debug */,
				BC0110D8201CE1200034B8DD /* Release */,
			);
			defaultConfigurationIsVisible = 0;
			defaultConfigurationName = Release;
		};
		BC0110D9201CE1200034B8DD /* Build configuration list for PBXNativeTarget "Example" */ = {
			isa = XCConfigurationList;
			buildConfigurations = (
				BC0110DA201CE1200034B8DD /* Debug */,
				BC0110DB201CE1200034B8DD /* Release */,
			);
			defaultConfigurationIsVisible = 0;
			defaultConfigurationName = Release;
		};
		BC0110DC201CE1200034B8DD /* Build configuration list for PBXNativeTarget "ExampleTests" */ = {
			isa = XCConfigurationList;
			buildConfigurations = (
				BC0110DD201CE1200034B8DD /* Debug */,
				BC0110DE201CE1200034B8DD /* Release */,
			);
			defaultConfigurationIsVisible = 0;
			defaultConfigurationName = Release;
		};
		BC0110DF201CE1200034B8DD /* Build configuration list for PBXNativeTarget "ExampleUITests" */ = {
			isa = XCConfigurationList;
			buildConfigurations = (
				BC0110E0201CE1200034B8DD /* Debug */,
				BC0110E1201CE1200034B8DD /* Release */,
			);
			defaultConfigurationIsVisible = 0;
			defaultConfigurationName = Release;
		};
/* End XCConfigurationList section */
	};
	rootObject = BC0110A9201CE1200034B8DD /* Project object */;
}
